# This file is automatically @generated by Cargo.
# It is not intended for manual editing.
version = 3

[[package]]
name = "jail"
version = "0.1.0"
dependencies = [
 "jail_ast",
 "jail_codegen",
 "jail_error",
 "jail_lex",
 "jail_parse",
 "jail_token",
]

[[package]]
name = "jail_ast"
version = "0.1.0"

[[package]]
name = "jail_codegen"
version = "0.1.0"

[[package]]
name = "jail_error"
version = "0.1.0"

[[package]]
name = "jail_lex"
version = "0.1.0"
dependencies = [
 "jail_error",
 "jail_token",
]

[[package]]
name = "jail_parse"
version = "0.1.0"

[[package]]
name = "jail_token"
version = "0.1.0"
